Microsoft Visual Studio Solution File, Format Version 11.00
# Visual Studio 2008

Project("{878B3534-A657-4070-CC64-737914528DFD}") = "puzzleproject", "Assembly-CSharp.csproj", "{DB285924-695D-82ED-98D6-5FBC9E48F74B}"
EndProject
Global
	GlobalSection(SolutionConfigurationPlatforms) = preSolution
		Debug|Any CPU = Debug|Any CPU
		Release|Any CPU = Release|Any CPU
	EndGlobalSection
	GlobalSection(ProjectConfigurationPlatforms) = postSolution
		{DB285924-695D-82ED-98D6-5FBC9E48F74B}.Debug|Any CPU.ActiveCfg = Debug|Any CPU
		{DB285924-695D-82ED-98D6-5FBC9E48F74B}.Debug|Any CPU.Build.0 = Debug|Any CPU
		{DB285924-695D-82ED-98D6-5FBC9E48F74B}.Release|Any CPU.ActiveCfg = Release|Any CPU
		{DB285924-695D-82ED-98D6-5FBC9E48F74B}.Release|Any CPU.Build.0 = Release|Any CPU
	EndGlobalSection
	GlobalSection(SolutionProperties) = preSolution
		HideSolutionNode = FALSE
	EndGlobalSection
																				GlobalSection(MonoDevelopProperties) = preSolution
		StartupItem = Assembly-CSharp.csproj
	EndGlobalSection

EndGlobal
